
Microsoft Visual Studio Solution File, Format Version 12.00
# Visual Studio 15
VisualStudioVersion = 15.0.28307.1062
MinimumVisualStudioVersion = 10.0.40219.1
Project("{8BC9CEB8-8B4A-11D0-8D11-00A0C91BC942}") = "PrintNightmare", "PrintNightmare\PrintNightmare.vcxproj", "{0CD16C7B-2A65-44E5-AB74-843BD23241D3}"
EndProject
Global
	GlobalSection(SolutionConfigurationPlatforms) = preSolution
		Debug|x64 = Debug|x64
		Debug|x86 = Debug|x86
		Release|x64 = Release|x64
		Release|x86 = Release|x86
	EndGlobalSection
	GlobalSection(ProjectConfigurationPlatforms) = postSolution
		{0CD16C7B-2A65-44E5-AB74-843BD23241D3}.Debug|x64.ActiveCfg = Debug|x64
		{0CD16C7B-2A65-44E5-AB74-843BD23241D3}.Debug|x64.Build.0 = Debug|x64
		{0CD16C7B-2A65-44E5-AB74-843BD23241D3}.Debug|x86.ActiveCfg = Debug|Win32
		{0CD16C7B-2A65-44E5-AB74-843BD23241D3}.Debug|x86.Build.0 = Debug|Win32
		{0CD16C7B-2A65-44E5-AB74-843BD23241D3}.Release|x64.ActiveCfg = Release|x64
		{0CD16C7B-2A65-44E5-AB74-843BD23241D3}.Release|x64.Build.0 = Release|x64
		{0CD16C7B-2A65-44E5-AB74-843BD23241D3}.Release|x86.ActiveCfg = Release|Win32
		{0CD16C7B-2A65-44E5-AB74-843BD23241D3}.Release|x86.Build.0 = Release|Win32
	EndGlobalSection
	GlobalSection(SolutionProperties) = preSolution
		HideSolutionNode = FALSE
	EndGlobalSection
	GlobalSection(ExtensibilityGlobals) = postSolution
		SolutionGuid = {91128BE0-FB0A-4C90-B602-ECF59BD7D9A1}
	EndGlobalSection
EndGlobal
